
Microsoft Visual Studio Solution File, Format Version 12.00
# Visual Studio Version 16
VisualStudioVersion = 16.0.31112.23
MinimumVisualStudioVersion = 10.0.40219.1
Project("{9A19103F-16F7-4668-BE54-9A1E7A4F7556}") = "WinFormsApp0301", "WinFormsApp0301\WinFormsApp0301.csproj", "{80D94FC5-97CE-47F2-9A91-B4BFB72F4A82}"
EndProject
Project("{FAE04EC0-301F-11D3-BF4B-00C04F79EFBC}") = "ConsoleApp1", "ConsoleApp1\ConsoleApp1.csproj", "{D3935F92-9A87-42A5-A6AD-6518BB697354}"
EndProject
Global
	GlobalSection(SolutionConfigurationPlatforms) = preSolution
		Debug|Any CPU = Debug|Any CPU
		Release|Any CPU = Release|Any CPU
	EndGlobalSection
	GlobalSection(ProjectConfigurationPlatforms) = postSolution
		{80D94FC5-97CE-47F2-9A91-B4BFB72F4A82}.Debug|Any CPU.ActiveCfg = Debug|Any CPU
		{80D94FC5-97CE-47F2-9A91-B4BFB72F4A82}.Debug|Any CPU.Build.0 = Debug|Any CPU
		{80D94FC5-97CE-47F2-9A91-B4BFB72F4A82}.Release|Any CPU.ActiveCfg = Release|Any CPU
		{80D94FC5-97CE-47F2-9A91-B4BFB72F4A82}.Release|Any CPU.Build.0 = Release|Any CPU
		{D3935F92-9A87-42A5-A6AD-6518BB697354}.Debug|Any CPU.ActiveCfg = Debug|Any CPU
		{D3935F92-9A87-42A5-A6AD-6518BB697354}.Debug|Any CPU.Build.0 = Debug|Any CPU
		{D3935F92-9A87-42A5-A6AD-6518BB697354}.Release|Any CPU.ActiveCfg = Release|Any CPU
		{D3935F92-9A87-42A5-A6AD-6518BB697354}.Release|Any CPU.Build.0 = Release|Any CPU
	EndGlobalSection
	GlobalSection(SolutionProperties) = preSolution
		HideSolutionNode = FALSE
	EndGlobalSection
	GlobalSection(ExtensibilityGlobals) = postSolution
		SolutionGuid = {DDD97E4A-FABB-4246-AB64-B87E91FBAA9C}
	EndGlobalSection
EndGlobal
